
Microsoft Visual Studio Solution File, Format Version 12.00
# Visual Studio Version 17
VisualStudioVersion = 17.11.35327.3
MinimumVisualStudioVersion = 10.0.40219.1
Project("{FAE04EC0-301F-11D3-BF4B-00C04F79EFBC}") = "reattempt_RentCar", "reattempt_RentCar\reattempt_RentCar.csproj", "{4BDD3FFD-59C0-4A8B-BA6B-DEE48A22BEDE}"
EndProject
Global
	GlobalSection(SolutionConfigurationPlatforms) = preSolution
		Debug|Any CPU = Debug|Any CPU
		Release|Any CPU = Release|Any CPU
	EndGlobalSection
	GlobalSection(ProjectConfigurationPlatforms) = postSolution
		{4BDD3FFD-59C0-4A8B-BA6B-DEE48A22BEDE}.Debug|Any CPU.ActiveCfg = Debug|Any CPU
		{4BDD3FFD-59C0-4A8B-BA6B-DEE48A22BEDE}.Debug|Any CPU.Build.0 = Debug|Any CPU
		{4BDD3FFD-59C0-4A8B-BA6B-DEE48A22BEDE}.Release|Any CPU.ActiveCfg = Release|Any CPU
		{4BDD3FFD-59C0-4A8B-BA6B-DEE48A22BEDE}.Release|Any CPU.Build.0 = Release|Any CPU
	EndGlobalSection
	GlobalSection(SolutionProperties) = preSolution
		HideSolutionNode = FALSE
	EndGlobalSection
	GlobalSection(ExtensibilityGlobals) = postSolution
		SolutionGuid = {B6BEB8E4-057C-4B2D-A957-78AD7EC314E2}
	EndGlobalSection
EndGlobal
